
Microsoft Visual Studio Solution File, Format Version 12.00
# Visual Studio Version 17
VisualStudioVersion = 17.14.36310.24 d17.14
MinimumVisualStudioVersion = 10.0.40219.1
Project("{FAE04EC0-301F-11D3-BF4B-00C04F79EFBC}") = "Ogrenci", "Ogrenci\Ogrenci.csproj", "{242EACC9-EF66-4B14-8745-61077252E0DA}"
EndProject
Global
	GlobalSection(SolutionConfigurationPlatforms) = preSolution
		Debug|Any CPU = Debug|Any CPU
		Release|Any CPU = Release|Any CPU
	EndGlobalSection
	GlobalSection(ProjectConfigurationPlatforms) = postSolution
		{242EACC9-EF66-4B14-8745-61077252E0DA}.Debug|Any CPU.ActiveCfg = Debug|Any CPU
		{242EACC9-EF66-4B14-8745-61077252E0DA}.Debug|Any CPU.Build.0 = Debug|Any CPU
		{242EACC9-EF66-4B14-8745-61077252E0DA}.Release|Any CPU.ActiveCfg = Release|Any CPU
		{242EACC9-EF66-4B14-8745-61077252E0DA}.Release|Any CPU.Build.0 = Release|Any CPU
	EndGlobalSection
	GlobalSection(SolutionProperties) = preSolution
		HideSolutionNode = FALSE
	EndGlobalSection
	GlobalSection(ExtensibilityGlobals) = postSolution
		SolutionGuid = {2F0EDF33-3298-49FF-BE26-4809412B738D}
	EndGlobalSection
EndGlobal
